
Microsoft Visual Studio Solution File, Format Version 12.00
# Visual Studio 15
VisualStudioVersion = 15.0.27130.2010
MinimumVisualStudioVersion = 10.0.40219.1
Project("{FAE04EC0-301F-11D3-BF4B-00C04F79EFBC}") = "Passagens", "Passagens\Passagens.csproj", "{6677FBDA-0483-4D72-B944-3F331304AB98}"
EndProject
Project("{FAE04EC0-301F-11D3-BF4B-00C04F79EFBC}") = "Hosting", "Hosting\Hosting.csproj", "{B805CD1F-9A67-4D8E-ADE3-92F12E7CB52B}"
EndProject
Project("{FAE04EC0-301F-11D3-BF4B-00C04F79EFBC}") = "ConsumindoServico", "ConsumindoServico\ConsumindoServico.csproj", "{D7C06C19-D167-42BF-81BB-1E07DAE7E357}"
	ProjectSection(ProjectDependencies) = postProject
		{6677FBDA-0483-4D72-B944-3F331304AB98} = {6677FBDA-0483-4D72-B944-3F331304AB98}
	EndProjectSection
EndProject
Global
	GlobalSection(SolutionConfigurationPlatforms) = preSolution
		Debug|Any CPU = Debug|Any CPU
		Release|Any CPU = Release|Any CPU
	EndGlobalSection
	GlobalSection(ProjectConfigurationPlatforms) = postSolution
		{6677FBDA-0483-4D72-B944-3F331304AB98}.Debug|Any CPU.ActiveCfg = Debug|Any CPU
		{6677FBDA-0483-4D72-B944-3F331304AB98}.Debug|Any CPU.Build.0 = Debug|Any CPU
		{6677FBDA-0483-4D72-B944-3F331304AB98}.Release|Any CPU.ActiveCfg = Release|Any CPU
		{6677FBDA-0483-4D72-B944-3F331304AB98}.Release|Any CPU.Build.0 = Release|Any CPU
		{B805CD1F-9A67-4D8E-ADE3-92F12E7CB52B}.Debug|Any CPU.ActiveCfg = Debug|Any CPU
		{B805CD1F-9A67-4D8E-ADE3-92F12E7CB52B}.Debug|Any CPU.Build.0 = Debug|Any CPU
		{B805CD1F-9A67-4D8E-ADE3-92F12E7CB52B}.Release|Any CPU.ActiveCfg = Release|Any CPU
		{B805CD1F-9A67-4D8E-ADE3-92F12E7CB52B}.Release|Any CPU.Build.0 = Release|Any CPU
		{D7C06C19-D167-42BF-81BB-1E07DAE7E357}.Debug|Any CPU.ActiveCfg = Debug|Any CPU
		{D7C06C19-D167-42BF-81BB-1E07DAE7E357}.Debug|Any CPU.Build.0 = Debug|Any CPU
		{D7C06C19-D167-42BF-81BB-1E07DAE7E357}.Release|Any CPU.ActiveCfg = Release|Any CPU
		{D7C06C19-D167-42BF-81BB-1E07DAE7E357}.Release|Any CPU.Build.0 = Release|Any CPU
	EndGlobalSection
	GlobalSection(SolutionProperties) = preSolution
		HideSolutionNode = FALSE
	EndGlobalSection
	GlobalSection(ExtensibilityGlobals) = postSolution
		SolutionGuid = {A97E9370-2847-4BFF-B769-19A7AB65C38D}
	EndGlobalSection
EndGlobal
